// !$*UTF8*$!
{
	archiveVersion = 1;
	classes = {
	};
	objectVersion = 46;
	objects = {

/* Begin PBXBuildFile section */
		9CDA62521C20F7CC000894C0 /* check_selected.png in Resources */ = {isa = PBXBuildFile; fileRef = 9CDA624A1C20F7CC000894C0 /* check_selected.png */; };
		9CDA62531C20F7CC000894C0 /* check_selected@2x.png in Resources */ = {isa = PBXBuildFile; fileRef = 9CDA624B1C20F7CC000894C0 /* check_selected@2x.png */; };
		9CDA62541C20F7CC000894C0 /* check_unselected.png in Resources */ = {isa = PBXBuildFile; fileRef = 9CDA624C1C20F7CC000894C0 /* check_unselected.png */; };
		9CDA62551C20F7CC000894C0 /* check_unselected@2x.png in Resources */ = {isa = PBXBuildFile; fileRef = 9CDA624D1C20F7CC000894C0 /* check_unselected@2x.png */; };
		9CDA62561C20F7CC000894C0 /* radio_selected.png in Resources */ = {isa = PBXBuildFile; fileRef = 9CDA624E1C20F7CC000894C0 /* radio_selected.png */; };
		9CDA62571C20F7CC000894C0 /* radio_selected@2x.png in Resources */ = {isa = PBXBuildFile; fileRef = 9CDA624F1C20F7CC000894C0 /* radio_selected@2x.png */; };
		9CDA62581C20F7CC000894C0 /* radio_unselected.png in Resources */ = {isa = PBXBuildFile; fileRef = 9CDA62501C20F7CC000894C0 /* radio_unselected.png */; };
		9CDA62591C20F7CC000894C0 /* radio_unselected@2x.png in Resources */ = {isa = PBXBuildFile; fileRef = 9CDA62511C20F7CC000894C0 /* radio_unselected@2x.png */; };
		9CE615F71C200E4D002F79E6 /* main.m in Sources */ = {isa = PBXBuildFile; fileRef = 9CE615F61C200E4D002F79E6 /* main.m */; };
		9CE615FA1C200E4D002F79E6 /* AppDelegate.m in Sources */ = {isa = PBXBuildFile; fileRef = 9CE615F91C200E4D002F79E6 /* AppDelegate.m */; };
		9CE615FD1C200E4D002F79E6 /* ViewController.m in Sources */ = {isa = PBXBuildFile; fileRef = 9CE615FC1C200E4D002F79E6 /* ViewController.m */; };
		9CE616001C200E4D002F79E6 /* Main.storyboard in Resources */ = {isa = PBXBuildFile; fileRef = 9CE615FE1C200E4D002F79E6 /* Main.storyboard */; };
		9CE616021C200E4D002F79E6 /* Assets.xcassets in Resources */ = {isa = PBXBuildFile; fileRef = 9CE616011C200E4D002F79E6 /* Assets.xcassets */; };
		9CE616051C200E4D002F79E6 /* LaunchScreen.storyboard in Resources */ = {isa = PBXBuildFile; fileRef = 9CE616031C200E4D002F79E6 /* LaunchScreen.storyboard */; };
		9CE6160F1C200EDA002F79E6 /* CLMarkButton.m in Sources */ = {isa = PBXBuildFile; fileRef = 9CE6160E1C200EDA002F79E6 /* CLMarkButton.m */; };
/* End PBXBuildFile section */

/* Begin PBXFileReference section */
		9CDA624A1C20F7CC000894C0 /* check_selected.png */ = {isa = PBXFileReference; lastKnownFileType = image.png; path = check_selected.png; sourceTree = "<group>"; };
		9CDA624B1C20F7CC000894C0 /* check_selected@2x.png */ = {isa = PBXFileReference; lastKnownFileType = image.png; path = "check_selected@2x.png"; sourceTree = "<group>"; };
		9CDA624C1C20F7CC000894C0 /* check_unselected.png */ = {isa = PBXFileReference; lastKnownFileType = image.png; path = check_unselected.png; sourceTree = "<group>"; };
		9CDA624D1C20F7CC000894C0 /* check_unselected@2x.png */ = {isa = PBXFileReference; lastKnownFileType = image.png; path = "check_unselected@2x.png"; sourceTree = "<group>"; };
		9CDA624E1C20F7CC000894C0 /* radio_selected.png */ = {isa = PBXFileReference; lastKnownFileType = image.png; path = radio_selected.png; sourceTree = "<group>"; };
		9CDA624F1C20F7CC000894C0 /* radio_selected@2x.png */ = {isa = PBXFileReference; lastKnownFileType = image.png; path = "radio_selected@2x.png"; sourceTree = "<group>"; };
		9CDA62501C20F7CC000894C0 /* radio_unselected.png */ = {isa = PBXFileReference; lastKnownFileType = image.png; path = radio_unselected.png; sourceTree = "<group>"; };
		9CDA62511C20F7CC000894C0 /* radio_unselected@2x.png */ = {isa = PBXFileReference; lastKnownFileType = image.png; path = "radio_unselected@2x.png"; sourceTree = "<group>"; };
		9CE615F21C200E4D002F79E6 /* CLMarkButton.app */ = {isa = PBXFileReference; explicitFileType = wrapper.application; includeInIndex = 0; path = CLMarkButton.app; sourceTree = BUILT_PRODUCTS_DIR; };
		9CE615F61C200E4D002F79E6 /* main.m */ = {isa = PBXFileReference; lastKnownFileType = sourcecode.c.objc; path = main.m; sourceTree = "<group>"; };
		9CE615F81C200E4D002F79E6 /* AppDelegate.h */ = {isa = PBXFileReference; lastKnownFileType = sourcecode.c.h; path = AppDelegate.h; sourceTree = "<group>"; };
		9CE615F91C200E4D002F79E6 /* AppDelegate.m */ = {isa = PBXFileReference; lastKnownFileType = sourcecode.c.objc; path = AppDelegate.m; sourceTree = "<group>"; };
		9CE615FB1C200E4D002F79E6 /* ViewController.h */ = {isa = PBXFileReference; lastKnownFileType = sourcecode.c.h; path = ViewController.h; sourceTree = "<group>"; };
		9CE615FC1C200E4D002F79E6 /* ViewController.m */ = {isa = PBXFileReference; lastKnownFileType = sourcecode.c.objc; path = ViewController.m; sourceTree = "<group>"; };
		9CE615FF1C200E4D002F79E6 /* Base */ = {isa = PBXFileReference; lastKnownFileType = file.storyboard; name = Base; path = Base.lproj/Main.storyboard; sourceTree = "<group>"; };
		9CE616011C200E4D002F79E6 /* Assets.xcassets */ = {isa = PBXFileReference; lastKnownFileType = folder.assetcatalog; path = Assets.xcassets; sourceTree = "<group>"; };
		9CE616041C200E4D002F79E6 /* Base */ = {isa = PBXFileReference; lastKnownFileType = file.storyboard; name = Base; path = Base.lproj/LaunchScreen.storyboard; sourceTree = "<group>"; };
		9CE616061C200E4D002F79E6 /* Info.plist */ = {isa = PBXFileReference; lastKnownFileType = text.plist.xml; path = Info.plist; sourceTree = "<group>"; };
		9CE6160D1C200EDA002F79E6 /* CLMarkButton.h */ = {isa = PBXFileReference; fileEncoding = 4; lastKnownFileType = sourcecode.c.h; name = CLMarkButton.h; path = CLMarkButton/CLMarkButton.h; sourceTree = "<group>"; };
		9CE6160E1C200EDA002F79E6 /* CLMarkButton.m */ = {isa = PBXFileReference; fileEncoding = 4; lastKnownFileType = sourcecode.c.objc; name = CLMarkButton.m; path = CLMarkButton/CLMarkButton.m; sourceTree = "<group>"; };
/* End PBXFileReference section */

/* Begin PBXFrameworksBuildPhase section */
		9CE615EF1C200E4D002F79E6 /* Frameworks */ = {
			isa = PBXFrameworksBuildPhase;
			buildActionMask = 2147483647;
			files = (
			);
			runOnlyForDeploymentPostprocessing = 0;
		};
/* End PBXFrameworksBuildPhase section */

/* Begin PBXGroup section */
		9CE615E91C200E4D002F79E6 = {
			isa = PBXGroup;
			children = (
				9CE615F41C200E4D002F79E6 /* CLMarkButton */,
				9CE615F31C200E4D002F79E6 /* Products */,
			);
			sourceTree = "<group>";
		};
		9CE615F31C200E4D002F79E6 /* Products */ = {
			isa = PBXGroup;
			children = (
				9CE615F21C200E4D002F79E6 /* CLMarkButton.app */,
			);
			name = Products;
			sourceTree = "<group>";
		};
		9CE615F41C200E4D002F79E6 /* CLMarkButton */ = {
			isa = PBXGroup;
			children = (
				9CE6160C1C200EB5002F79E6 /* CLMarkButton */,
				9CE615F81C200E4D002F79E6 /* AppDelegate.h */,
				9CE615F91C200E4D002F79E6 /* AppDelegate.m */,
				9CE615FB1C200E4D002F79E6 /* ViewController.h */,
				9CE615FC1C200E4D002F79E6 /* ViewController.m */,
				9CE615FE1C200E4D002F79E6 /* Main.storyboard */,
				9CE616011C200E4D002F79E6 /* Assets.xcassets */,
				9CE616031C200E4D002F79E6 /* LaunchScreen.storyboard */,
				9CE616061C200E4D002F79E6 /* Info.plist */,
				9CE615F51C200E4D002F79E6 /* Supporting Files */,
			);
			path = CLMarkButton;
			sourceTree = "<group>";
		};
		9CE615F51C200E4D002F79E6 /* Supporting Files */ = {
			isa = PBXGroup;
			children = (
				9CE615F61C200E4D002F79E6 /* main.m */,
			);
			name = "Supporting Files";
			sourceTree = "<group>";
		};
		9CE6160C1C200EB5002F79E6 /* CLMarkButton */ = {
			isa = PBXGroup;
			children = (
				9CE6160D1C200EDA002F79E6 /* CLMarkButton.h */,
				9CE6160E1C200EDA002F79E6 /* CLMarkButton.m */,
				9CE616101C201456002F79E6 /* Resources */,
			);
			name = CLMarkButton;
			sourceTree = "<group>";
		};
		9CE616101C201456002F79E6 /* Resources */ = {
			isa = PBXGroup;
			children = (
				9CDA624A1C20F7CC000894C0 /* check_selected.png */,
				9CDA624B1C20F7CC000894C0 /* check_selected@2x.png */,
				9CDA624C1C20F7CC000894C0 /* check_unselected.png */,
				9CDA624D1C20F7CC000894C0 /* check_unselected@2x.png */,
				9CDA624E1C20F7CC000894C0 /* radio_selected.png */,
				9CDA624F1C20F7CC000894C0 /* radio_selected@2x.png */,
				9CDA62501C20F7CC000894C0 /* radio_unselected.png */,
				9CDA62511C20F7CC000894C0 /* radio_unselected@2x.png */,
			);
			name = Resources;
			path = CLMarkButton/Resources;
			sourceTree = "<group>";
		};
/* End PBXGroup section */

/* Begin PBXNativeTarget section */
		9CE615F11C200E4D002F79E6 /* CLMarkButton */ = {
			isa = PBXNativeTarget;
			buildConfigurationList = 9CE616091C200E4D002F79E6 /* Build configuration list for PBXNativeTarget "CLMarkButton" */;
			buildPhases = (
				9CE615EE1C200E4D002F79E6 /* Sources */,
				9CE615EF1C200E4D002F79E6 /* Frameworks */,
				9CE615F01C200E4D002F79E6 /* Resources */,
			);
			buildRules = (
			);
			dependencies = (
			);
			name = CLMarkButton;
			productName = CLMarkButton;
			productReference = 9CE615F21C200E4D002F79E6 /* CLMarkButton.app */;
			productType = "com.apple.product-type.application";
		};
/* End PBXNativeTarget section */

/* Begin PBXProject section */
		9CE615EA1C200E4D002F79E6 /* Project object */ = {
			isa = PBXProject;
			attributes = {
				LastUpgradeCheck = 0720;
				ORGANIZATIONNAME = "李辉";
				TargetAttributes = {
					9CE615F11C200E4D002F79E6 = {
						CreatedOnToolsVersion = 7.2;
						DevelopmentTeam = 3V778BRDYP;
					};
				};
			};
			buildConfigurationList = 9CE615ED1C200E4D002F79E6 /* Build configuration list for PBXProject "CLMarkButton" */;
			compatibilityVersion = "Xcode 3.2";
			developmentRegion = English;
			hasScannedForEncodings = 0;
			knownRegions = (
				en,
				Base,
			);
			mainGroup = 9CE615E91C200E4D002F79E6;
			productRefGroup = 9CE615F31C200E4D002F79E6 /* Products */;
			projectDirPath = "";
			projectRoot = "";
			targets = (
				9CE615F11C200E4D002F79E6 /* CLMarkButton */,
			);
		};
/* End PBXProject section */

/* Begin PBXResourcesBuildPhase section */
		9CE615F01C200E4D002F79E6 /* Resources */ = {
			isa = PBXResourcesBuildPhase;
			buildActionMask = 2147483647;
			files = (
				9CDA62571C20F7CC000894C0 /* radio_selected@2x.png in Resources */,
				9CE616051C200E4D002F79E6 /* LaunchScreen.storyboard in Resources */,
				9CDA62591C20F7CC000894C0 /* radio_unselected@2x.png in Resources */,
				9CDA62531C20F7CC000894C0 /* check_selected@2x.png in Resources */,
				9CDA62541C20F7CC000894C0 /* check_unselected.png in Resources */,
				9CE616021C200E4D002F79E6 /* Assets.xcassets in Resources */,
				9CDA62561C20F7CC000894C0 /* radio_selected.png in Resources */,
				9CE616001C200E4D002F79E6 /* Main.storyboard in Resources */,
				9CDA62581C20F7CC000894C0 /* radio_unselected.png in Resources */,
				9CDA62521C20F7CC000894C0 /* check_selected.png in Resources */,
				9CDA62551C20F7CC000894C0 /* check_unselected@2x.png in Resources */,
			);
			runOnlyForDeploymentPostprocessing = 0;
		};
/* End PBXResourcesBuildPhase section */

/* Begin PBXSourcesBuildPhase section */
		9CE615EE1C200E4D002F79E6 /* Sources */ = {
			isa = PBXSourcesBuildPhase;
			buildActionMask = 2147483647;
			files = (
				9CE615FD1C200E4D002F79E6 /* ViewController.m in Sources */,
				9CE615FA1C200E4D002F79E6 /* AppDelegate.m in Sources */,
				9CE615F71C200E4D002F79E6 /* main.m in Sources */,
				9CE6160F1C200EDA002F79E6 /* CLMarkButton.m in Sources */,
			);
			runOnlyForDeploymentPostprocessing = 0;
		};
/* End PBXSourcesBuildPhase section */

/* Begin PBXVariantGroup section */
		9CE615FE1C200E4D002F79E6 /* Main.storyboard */ = {
			isa = PBXVariantGroup;
			children = (
				9CE615FF1C200E4D002F79E6 /* Base */,
			);
			name = Main.storyboard;
			sourceTree = "<group>";
		};
		9CE616031C200E4D002F79E6 /* LaunchScreen.storyboard */ = {
			isa = PBXVariantGroup;
			children = (
				9CE616041C200E4D002F79E6 /* Base */,
			);
			name = LaunchScreen.storyboard;
			sourceTree = "<group>";
		};
/* End PBXVariantGroup section */

/* Begin XCBuildConfiguration section */
		9CE616071C200E4D002F79E6 /* Debug */ = {
			isa = XCBuildConfiguration;
			buildSettings = {
				ALWAYS_SEARCH_USER_PATHS = NO;
				CLANG_CXX_LANGUAGE_STANDARD = "gnu++0x";
				CLANG_CXX_LIBRARY = "libc++";
				CLANG_ENABLE_MODULES = YES;
				CLANG_ENABLE_OBJC_ARC = YES;
				CLANG_WARN_BOOL_CONVERSION = YES;
				CLANG_WARN_CONSTANT_CONVERSION = YES;
				CLANG_WARN_DIRECT_OBJC_ISA_USAGE = YES_ERROR;
				CLANG_WARN_EMPTY_BODY = YES;
				CLANG_WARN_ENUM_CONVERSION = YES;
				CLANG_WARN_INT_CONVERSION = YES;
				CLANG_WARN_OBJC_ROOT_CLASS = YES_ERROR;
				CLANG_WARN_UNREACHABLE_CODE = YES;
				CLANG_WARN__DUPLICATE_METHOD_MATCH = YES;
				"CODE_SIGN_IDENTITY[sdk=iphoneos*]" = "iPhone Developer";
				COPY_PHASE_STRIP = NO;
				DEBUG_INFORMATION_FORMAT = dwarf;
				ENABLE_STRICT_OBJC_MSGSEND = YES;
				ENABLE_TESTABILITY = YES;
				GCC_C_LANGUAGE_STANDARD = gnu99;
				GCC_DYNAMIC_NO_PIC = NO;
				GCC_NO_COMMON_BLOCKS = YES;
				GCC_OPTIMIZATION_LEVEL = 0;
				GCC_PREPROCESSOR_DEFINITIONS = (
					"DEBUG=1",
					"$(inherited)",
				);
				GCC_WARN_64_TO_32_BIT_CONVERSION = YES;
				GCC_WARN_ABOUT_RETURN_TYPE = YES_ERROR;
				GCC_WARN_UNDECLARED_SELECTOR = YES;
				GCC_WARN_UNINITIALIZED_AUTOS = YES_AGGRESSIVE;
				GCC_WARN_UNUSED_FUNCTION = YES;
				GCC_WARN_UNUSED_VARIABLE = YES;
				IPHONEOS_DEPLOYMENT_TARGET = 9.2;
				MTL_ENABLE_DEBUG_INFO = YES;
				ONLY_ACTIVE_ARCH = YES;
				SDKROOT = iphoneos;
				TARGETED_DEVICE_FAMILY = "1,2";
			};
			name = Debug;
		};
		9CE616081C200E4D002F79E6 /* Release */ = {
			isa = XCBuildConfiguration;
			buildSettings = {
				ALWAYS_SEARCH_USER_PATHS = NO;
				CLANG_CXX_LANGUAGE_STANDARD = "gnu++0x";
				CLANG_CXX_LIBRARY = "libc++";
				CLANG_ENABLE_MODULES = YES;
				CLANG_ENABLE_OBJC_ARC = YES;
				CLANG_WARN_BOOL_CONVERSION = YES;
				CLANG_WARN_CONSTANT_CONVERSION = YES;
				CLANG_WARN_DIRECT_OBJC_ISA_USAGE = YES_ERROR;
				CLANG_WARN_EMPTY_BODY = YES;
				CLANG_WARN_ENUM_CONVERSION = YES;
				CLANG_WARN_INT_CONVERSION = YES;
				CLANG_WARN_OBJC_ROOT_CLASS = YES_ERROR;
				CLANG_WARN_UNREACHABLE_CODE = YES;
				CLANG_WARN__DUPLICATE_METHOD_MATCH = YES;
				"CODE_SIGN_IDENTITY[sdk=iphoneos*]" = "iPhone Developer";
				COPY_PHASE_STRIP = NO;
				DEBUG_INFORMATION_FORMAT = "dwarf-with-dsym";
				ENABLE_NS_ASSERTIONS = NO;
				ENABLE_STRICT_OBJC_MSGSEND = YES;
				GCC_C_LANGUAGE_STANDARD = gnu99;
				GCC_NO_COMMON_BLOCKS = YES;
				GCC_WARN_64_TO_32_BIT_CONVERSION = YES;
				GCC_WARN_ABOUT_RETURN_TYPE = YES_ERROR;
				GCC_WARN_UNDECLARED_SELECTOR = YES;
				GCC_WARN_UNINITIALIZED_AUTOS = YES_AGGRESSIVE;
				GCC_WARN_UNUSED_FUNCTION = YES;
				GCC_WARN_UNUSED_VARIABLE = YES;
				IPHONEOS_DEPLOYMENT_TARGET = 9.2;
				MTL_ENABLE_DEBUG_INFO = NO;
				SDKROOT = iphoneos;
				TARGETED_DEVICE_FAMILY = "1,2";
				VALIDATE_PRODUCT = YES;
			};
			name = Release;
		};
		9CE6160A1C200E4D002F79E6 /* Debug */ = {
			isa = XCBuildConfiguration;
			buildSettings = {
				ASSETCATALOG_COMPILER_APPICON_NAME = AppIcon;
				CODE_SIGN_IDENTITY = "iPhone Developer";
				INFOPLIST_FILE = CLMarkButton/Info.plist;
				LD_RUNPATH_SEARCH_PATHS = "$(inherited) @executable_path/Frameworks";
				PRODUCT_BUNDLE_IDENTIFIER = ChangeLee.CLMarkButton;
				PRODUCT_NAME = "$(TARGET_NAME)";
			};
			name = Debug;
		};
		9CE6160B1C200E4D002F79E6 /* Release */ = {
			isa = XCBuildConfiguration;
			buildSettings = {
				ASSETCATALOG_COMPILER_APPICON_NAME = AppIcon;
				CODE_SIGN_IDENTITY = "iPhone Developer";
				INFOPLIST_FILE = CLMarkButton/Info.plist;
				LD_RUNPATH_SEARCH_PATHS = "$(inherited) @executable_path/Frameworks";
				PRODUCT_BUNDLE_IDENTIFIER = ChangeLee.CLMarkButton;
				PRODUCT_NAME = "$(TARGET_NAME)";
			};
			name = Release;
		};
/* End XCBuildConfiguration section */

/* Begin XCConfigurationList section */
		9CE615ED1C200E4D002F79E6 /* Build configuration list for PBXProject "CLMarkButton" */ = {
			isa = XCConfigurationList;
			buildConfigurations = (
				9CE616071C200E4D002F79E6 /* Debug */,
				9CE616081C200E4D002F79E6 /* Release */,
			);
			defaultConfigurationIsVisible = 0;
			defaultConfigurationName = Release;
		};
		9CE616091C200E4D002F79E6 /* Build configuration list for PBXNativeTarget "CLMarkButton" */ = {
			isa = XCConfigurationList;
			buildConfigurations = (
				9CE6160A1C200E4D002F79E6 /* Debug */,
				9CE6160B1C200E4D002F79E6 /* Release */,
			);
			defaultConfigurationIsVisible = 0;
			defaultConfigurationName = Release;
		};
/* End XCConfigurationList section */
	};
	rootObject = 9CE615EA1C200E4D002F79E6 /* Project object */;
}
